{
  "name": "npm-workspaces-example",
  "lockfileVersion": 3,
  "requires": true,
  "packages": {
    "": {
      "name": "npm-workspaces-example",
      "workspaces": [
        "packages/*"
      ]
    },
    "node_modules/@github/memoize": {
      "version": "1.1.5",
      "resolved": "https://registry.npmjs.org/@github/memoize/-/memoize-1.1.5.tgz",
      "integrity": "sha512-vshxea2ES/8q6NkZKWcv7mlaUWPHGKFmZpbdZX3vL5Nr9ZRSeR3fZDf6X4ZAv75D523l/6N+0EEhyErcZuEsIg==",
      "license": "MIT"
    },
    "node_modules/package-a": {
      "resolved": "packages/package-a",
      "link": true
    },
    "packages/package-a": {
      "dependencies": {
        "@github/memoize": "1.1.5"
      }
    }
  }
}
